
Microsoft Visual Studio Solution File, Format Version 12.00
# Visual Studio 15
VisualStudioVersion = 15.0.26403.3
MinimumVisualStudioVersion = 10.0.40219.1
Project("{9A19103F-16F7-4668-BE54-9A1E7A4F7556}") = "Jimismith.Versioning.Example", "Jimismith.Versioning.Example.csproj", "{D642356D-39C1-4CD7-BDC0-0E93BB5A16B0}"
EndProject
Global
	GlobalSection(SolutionConfigurationPlatforms) = preSolution
		Debug|Any CPU = Debug|Any CPU
		Release|Any CPU = Release|Any CPU
	EndGlobalSection
	GlobalSection(ProjectConfigurationPlatforms) = postSolution
		{D642356D-39C1-4CD7-BDC0-0E93BB5A16B0}.Debug|Any CPU.ActiveCfg = Debug|Any CPU
		{D642356D-39C1-4CD7-BDC0-0E93BB5A16B0}.Debug|Any CPU.Build.0 = Debug|Any CPU
		{D642356D-39C1-4CD7-BDC0-0E93BB5A16B0}.Release|Any CPU.ActiveCfg = Release|Any CPU
		{D642356D-39C1-4CD7-BDC0-0E93BB5A16B0}.Release|Any CPU.Build.0 = Release|Any CPU
	EndGlobalSection
	GlobalSection(SolutionProperties) = preSolution
		HideSolutionNode = FALSE
	EndGlobalSection
EndGlobal
